
Microsoft Visual Studio Solution File, Format Version 12.00
# Visual Studio 14
VisualStudioVersion = 14.0.24720.0
MinimumVisualStudioVersion = 10.0.40219.1
Project("{2150E333-8FDC-42A3-9474-1A3956D46DE8}") = "Data", "Data", "{A03CA945-88CC-441A-927A-29AE01A4B072}"
EndProject
Project("{FAE04EC0-301F-11D3-BF4B-00C04F79EFBC}") = "Bookstore.Data.Application", "Bookstore.Data.Application\Bookstore.Data.Application.csproj", "{61F4378C-0562-45E6-9920-2E3411AA6A97}"
EndProject
Project("{FAE04EC0-301F-11D3-BF4B-00C04F79EFBC}") = "BookStore.Data.UniTest", "BookStore.Data.UniTest\BookStore.Data.UniTest.csproj", "{5C724147-7CFD-4F9D-AE80-8D11673B5C5D}"
EndProject
Project("{2150E333-8FDC-42A3-9474-1A3956D46DE8}") = "WebApi", "WebApi", "{A439B0E5-0E46-4BC7-B921-825B95D67201}"
EndProject
Project("{2150E333-8FDC-42A3-9474-1A3956D46DE8}") = "Framework", "Framework", "{604CDEF0-5D85-4618-9105-1C31EDDEE6A5}"
EndProject
Project("{FAE04EC0-301F-11D3-BF4B-00C04F79EFBC}") = "BookStore.Infrastructure", "BookStore.Infrastructure\BookStore.Infrastructure.csproj", "{915D5627-3139-4EA7-B903-F9893ACBBF2B}"
EndProject
Project("{FAE04EC0-301F-11D3-BF4B-00C04F79EFBC}") = "BookStoreApi", "BookStoreApi\BookStoreApi.csproj", "{2A6F0C0C-9C32-4ECA-9A7D-05B27E6276A2}"
EndProject
Project("{2150E333-8FDC-42A3-9474-1A3956D46DE8}") = "Business", "Business", "{7497F948-DC97-4D8F-8F9F-165967F61364}"
EndProject
Project("{FAE04EC0-301F-11D3-BF4B-00C04F79EFBC}") = "BookStore.Business", "BookStore.Business\BookStore.Business.csproj", "{E052CD00-89F9-461E-B6C9-5DD25B6C3AF6}"
EndProject
Project("{2150E333-8FDC-42A3-9474-1A3956D46DE8}") = "Security", "Security", "{3DBCACA1-D626-45A6-BBC4-8409B91259BF}"
EndProject
Project("{FAE04EC0-301F-11D3-BF4B-00C04F79EFBC}") = "BookStore.Security", "BookStore.Security\BookStore.Security.csproj", "{8E733FCC-AA9A-470D-BEE0-030AE0FDBD70}"
EndProject
Project("{FAE04EC0-301F-11D3-BF4B-00C04F79EFBC}") = "BookStore.Business.DomainModel", "BookStore.Business.Domains\BookStore.Business.DomainModel.csproj", "{D52101B0-FE16-48AB-8861-C010F1EDE80C}"
EndProject
Global
	GlobalSection(SolutionConfigurationPlatforms) = preSolution
		Debug|Any CPU = Debug|Any CPU
		Release|Any CPU = Release|Any CPU
	EndGlobalSection
	GlobalSection(ProjectConfigurationPlatforms) = postSolution
		{61F4378C-0562-45E6-9920-2E3411AA6A97}.Debug|Any CPU.ActiveCfg = Debug|Any CPU
		{61F4378C-0562-45E6-9920-2E3411AA6A97}.Debug|Any CPU.Build.0 = Debug|Any CPU
		{61F4378C-0562-45E6-9920-2E3411AA6A97}.Release|Any CPU.ActiveCfg = Release|Any CPU
		{61F4378C-0562-45E6-9920-2E3411AA6A97}.Release|Any CPU.Build.0 = Release|Any CPU
		{5C724147-7CFD-4F9D-AE80-8D11673B5C5D}.Debug|Any CPU.ActiveCfg = Debug|Any CPU
		{5C724147-7CFD-4F9D-AE80-8D11673B5C5D}.Debug|Any CPU.Build.0 = Debug|Any CPU
		{5C724147-7CFD-4F9D-AE80-8D11673B5C5D}.Release|Any CPU.ActiveCfg = Release|Any CPU
		{5C724147-7CFD-4F9D-AE80-8D11673B5C5D}.Release|Any CPU.Build.0 = Release|Any CPU
		{915D5627-3139-4EA7-B903-F9893ACBBF2B}.Debug|Any CPU.ActiveCfg = Debug|Any CPU
		{915D5627-3139-4EA7-B903-F9893ACBBF2B}.Debug|Any CPU.Build.0 = Debug|Any CPU
		{915D5627-3139-4EA7-B903-F9893ACBBF2B}.Release|Any CPU.ActiveCfg = Release|Any CPU
		{915D5627-3139-4EA7-B903-F9893ACBBF2B}.Release|Any CPU.Build.0 = Release|Any CPU
		{2A6F0C0C-9C32-4ECA-9A7D-05B27E6276A2}.Debug|Any CPU.ActiveCfg = Debug|Any CPU
		{2A6F0C0C-9C32-4ECA-9A7D-05B27E6276A2}.Debug|Any CPU.Build.0 = Debug|Any CPU
		{2A6F0C0C-9C32-4ECA-9A7D-05B27E6276A2}.Release|Any CPU.ActiveCfg = Release|Any CPU
		{2A6F0C0C-9C32-4ECA-9A7D-05B27E6276A2}.Release|Any CPU.Build.0 = Release|Any CPU
		{E052CD00-89F9-461E-B6C9-5DD25B6C3AF6}.Debug|Any CPU.ActiveCfg = Debug|Any CPU
		{E052CD00-89F9-461E-B6C9-5DD25B6C3AF6}.Debug|Any CPU.Build.0 = Debug|Any CPU
		{E052CD00-89F9-461E-B6C9-5DD25B6C3AF6}.Release|Any CPU.ActiveCfg = Release|Any CPU
		{E052CD00-89F9-461E-B6C9-5DD25B6C3AF6}.Release|Any CPU.Build.0 = Release|Any CPU
		{8E733FCC-AA9A-470D-BEE0-030AE0FDBD70}.Debug|Any CPU.ActiveCfg = Debug|Any CPU
		{8E733FCC-AA9A-470D-BEE0-030AE0FDBD70}.Debug|Any CPU.Build.0 = Debug|Any CPU
		{8E733FCC-AA9A-470D-BEE0-030AE0FDBD70}.Release|Any CPU.ActiveCfg = Release|Any CPU
		{8E733FCC-AA9A-470D-BEE0-030AE0FDBD70}.Release|Any CPU.Build.0 = Release|Any CPU
		{D52101B0-FE16-48AB-8861-C010F1EDE80C}.Debug|Any CPU.ActiveCfg = Debug|Any CPU
		{D52101B0-FE16-48AB-8861-C010F1EDE80C}.Debug|Any CPU.Build.0 = Debug|Any CPU
		{D52101B0-FE16-48AB-8861-C010F1EDE80C}.Release|Any CPU.ActiveCfg = Release|Any CPU
		{D52101B0-FE16-48AB-8861-C010F1EDE80C}.Release|Any CPU.Build.0 = Release|Any CPU
	EndGlobalSection
	GlobalSection(SolutionProperties) = preSolution
		HideSolutionNode = FALSE
	EndGlobalSection
	GlobalSection(NestedProjects) = preSolution
		{61F4378C-0562-45E6-9920-2E3411AA6A97} = {A03CA945-88CC-441A-927A-29AE01A4B072}
		{915D5627-3139-4EA7-B903-F9893ACBBF2B} = {604CDEF0-5D85-4618-9105-1C31EDDEE6A5}
		{2A6F0C0C-9C32-4ECA-9A7D-05B27E6276A2} = {A439B0E5-0E46-4BC7-B921-825B95D67201}
		{E052CD00-89F9-461E-B6C9-5DD25B6C3AF6} = {7497F948-DC97-4D8F-8F9F-165967F61364}
		{8E733FCC-AA9A-470D-BEE0-030AE0FDBD70} = {3DBCACA1-D626-45A6-BBC4-8409B91259BF}
		{D52101B0-FE16-48AB-8861-C010F1EDE80C} = {7497F948-DC97-4D8F-8F9F-165967F61364}
	EndGlobalSection
EndGlobal
